
Microsoft Visual Studio Solution File, Format Version 12.00
# Visual Studio 15
VisualStudioVersion = 15.0.27428.2002
MinimumVisualStudioVersion = 10.0.40219.1
Project("{FAE04EC0-301F-11D3-BF4B-00C04F79EFBC}") = "AspNetCoreCCCapitulo2", "AspNetCoreCCCapitulo2\AspNetCoreCCCapitulo2.csproj", "{4421B3A5-836B-409E-B131-D7B673F96E0B}"
EndProject
Global
	GlobalSection(SolutionConfigurationPlatforms) = preSolution
		Debug|Any CPU = Debug|Any CPU
		Release|Any CPU = Release|Any CPU
	EndGlobalSection
	GlobalSection(ProjectConfigurationPlatforms) = postSolution
		{4421B3A5-836B-409E-B131-D7B673F96E0B}.Debug|Any CPU.ActiveCfg = Debug|Any CPU
		{4421B3A5-836B-409E-B131-D7B673F96E0B}.Debug|Any CPU.Build.0 = Debug|Any CPU
		{4421B3A5-836B-409E-B131-D7B673F96E0B}.Release|Any CPU.ActiveCfg = Release|Any CPU
		{4421B3A5-836B-409E-B131-D7B673F96E0B}.Release|Any CPU.Build.0 = Release|Any CPU
	EndGlobalSection
	GlobalSection(SolutionProperties) = preSolution
		HideSolutionNode = FALSE
	EndGlobalSection
	GlobalSection(ExtensibilityGlobals) = postSolution
		SolutionGuid = {7C5C404B-0A0E-4FBD-B470-FD813E10BDAF}
	EndGlobalSection
EndGlobal
